
Microsoft Visual Studio Solution File, Format Version 12.00
# Visual Studio 2013
VisualStudioVersion = 12.0.31101.0
MinimumVisualStudioVersion = 10.0.40219.1
Project("{FAE04EC0-301F-11D3-BF4B-00C04F79EFBC}") = "KyoobGame", "source\KyoobGame\KyoobGame.csproj", "{B978CE5E-D312-456B-BBA8-0EB474A75513}"
EndProject
Project("{FAE04EC0-301F-11D3-BF4B-00C04F79EFBC}") = "KyoobContent", "source\KyoobContent\KyoobContent.contentproj", "{BF9D432A-BAA9-4766-9D2A-70F62967F81D}"
EndProject
Project("{8BC9CEB8-8B4A-11D0-8D11-00A0C91BC942}") = "NSight", "source\NSight\NSight.vcxproj", "{7ED20C6A-AB3F-4B1D-BF84-108F81ED48E5}"
EndProject
Global
	GlobalSection(SolutionConfigurationPlatforms) = preSolution
		Debug|Mixed Platforms = Debug|Mixed Platforms
		Debug|Win32 = Debug|Win32
		Debug|x86 = Debug|x86
		Release|Mixed Platforms = Release|Mixed Platforms
		Release|Win32 = Release|Win32
		Release|x86 = Release|x86
	EndGlobalSection
	GlobalSection(ProjectConfigurationPlatforms) = postSolution
		{B978CE5E-D312-456B-BBA8-0EB474A75513}.Debug|Mixed Platforms.ActiveCfg = Debug|x86
		{B978CE5E-D312-456B-BBA8-0EB474A75513}.Debug|Mixed Platforms.Build.0 = Debug|x86
		{B978CE5E-D312-456B-BBA8-0EB474A75513}.Debug|Win32.ActiveCfg = Debug|x86
		{B978CE5E-D312-456B-BBA8-0EB474A75513}.Debug|Win32.Build.0 = Debug|x86
		{B978CE5E-D312-456B-BBA8-0EB474A75513}.Debug|x86.ActiveCfg = Debug|x86
		{B978CE5E-D312-456B-BBA8-0EB474A75513}.Debug|x86.Build.0 = Debug|x86
		{B978CE5E-D312-456B-BBA8-0EB474A75513}.Release|Mixed Platforms.ActiveCfg = Release|x86
		{B978CE5E-D312-456B-BBA8-0EB474A75513}.Release|Mixed Platforms.Build.0 = Release|x86
		{B978CE5E-D312-456B-BBA8-0EB474A75513}.Release|Win32.ActiveCfg = Release|x86
		{B978CE5E-D312-456B-BBA8-0EB474A75513}.Release|Win32.Build.0 = Release|x86
		{B978CE5E-D312-456B-BBA8-0EB474A75513}.Release|x86.ActiveCfg = Release|x86
		{B978CE5E-D312-456B-BBA8-0EB474A75513}.Release|x86.Build.0 = Release|x86
		{BF9D432A-BAA9-4766-9D2A-70F62967F81D}.Debug|Mixed Platforms.ActiveCfg = Debug|x86
		{BF9D432A-BAA9-4766-9D2A-70F62967F81D}.Debug|Win32.ActiveCfg = Debug|x86
		{BF9D432A-BAA9-4766-9D2A-70F62967F81D}.Debug|x86.ActiveCfg = Debug|x86
		{BF9D432A-BAA9-4766-9D2A-70F62967F81D}.Release|Mixed Platforms.ActiveCfg = Release|x86
		{BF9D432A-BAA9-4766-9D2A-70F62967F81D}.Release|Win32.ActiveCfg = Release|x86
		{BF9D432A-BAA9-4766-9D2A-70F62967F81D}.Release|x86.ActiveCfg = Release|x86
		{7ED20C6A-AB3F-4B1D-BF84-108F81ED48E5}.Debug|Mixed Platforms.ActiveCfg = Debug|Win32
		{7ED20C6A-AB3F-4B1D-BF84-108F81ED48E5}.Debug|Mixed Platforms.Build.0 = Debug|Win32
		{7ED20C6A-AB3F-4B1D-BF84-108F81ED48E5}.Debug|Win32.ActiveCfg = Debug|Win32
		{7ED20C6A-AB3F-4B1D-BF84-108F81ED48E5}.Debug|Win32.Build.0 = Debug|Win32
		{7ED20C6A-AB3F-4B1D-BF84-108F81ED48E5}.Debug|x86.ActiveCfg = Debug|Win32
		{7ED20C6A-AB3F-4B1D-BF84-108F81ED48E5}.Debug|x86.Build.0 = Debug|Win32
		{7ED20C6A-AB3F-4B1D-BF84-108F81ED48E5}.Release|Mixed Platforms.ActiveCfg = Release|Win32
		{7ED20C6A-AB3F-4B1D-BF84-108F81ED48E5}.Release|Mixed Platforms.Build.0 = Release|Win32
		{7ED20C6A-AB3F-4B1D-BF84-108F81ED48E5}.Release|Win32.ActiveCfg = Release|Win32
		{7ED20C6A-AB3F-4B1D-BF84-108F81ED48E5}.Release|Win32.Build.0 = Release|Win32
		{7ED20C6A-AB3F-4B1D-BF84-108F81ED48E5}.Release|x86.ActiveCfg = Release|Win32
		{7ED20C6A-AB3F-4B1D-BF84-108F81ED48E5}.Release|x86.Build.0 = Release|Win32
	EndGlobalSection
	GlobalSection(SolutionProperties) = preSolution
		HideSolutionNode = FALSE
	EndGlobalSection
EndGlobal
